# Generated by pub
# See https://dart.dev/tools/pub/glossary#lockfile
packages:
  tide_analysis:
    dependency: "direct dev"
    description:
      path: "/Users/venkateshnchitrali/trys/MINICLIENT/utility/tide_analysis"
      relative: false
    source: path
    version: "0.0.1"
sdks:
  dart: ">=3.6.0 <4.0.0"
